
Microsoft Visual Studio Solution File, Format Version 12.00
# Visual Studio Version 17
VisualStudioVersion = 17.0.32112.339
MinimumVisualStudioVersion = 10.0.40219.1
Project("{FAE04EC0-301F-11D3-BF4B-00C04F79EFBC}") = "FileIOStream", "FileIOStream.csproj", "{DDF5A378-C376-4DFD-BD93-57326759E5EC}"
EndProject
Global
	GlobalSection(SolutionConfigurationPlatforms) = preSolution
		Debug|Any CPU = Debug|Any CPU
		Release|Any CPU = Release|Any CPU
	EndGlobalSection
	GlobalSection(ProjectConfigurationPlatforms) = postSolution
		{DDF5A378-C376-4DFD-BD93-57326759E5EC}.Debug|Any CPU.ActiveCfg = Debug|Any CPU
		{DDF5A378-C376-4DFD-BD93-57326759E5EC}.Debug|Any CPU.Build.0 = Debug|Any CPU
		{DDF5A378-C376-4DFD-BD93-57326759E5EC}.Release|Any CPU.ActiveCfg = Release|Any CPU
		{DDF5A378-C376-4DFD-BD93-57326759E5EC}.Release|Any CPU.Build.0 = Release|Any CPU
	EndGlobalSection
	GlobalSection(SolutionProperties) = preSolution
		HideSolutionNode = FALSE
	EndGlobalSection
	GlobalSection(ExtensibilityGlobals) = postSolution
		SolutionGuid = {27C7F08C-39FE-4788-AD5F-FBFB89FFE65C}
	EndGlobalSection
EndGlobal
