
Microsoft Visual Studio Solution File, Format Version 12.00
# Visual Studio Version 17
VisualStudioVersion = 17.0.32112.339
MinimumVisualStudioVersion = 10.0.40219.1
Project("{FAE04EC0-301F-11D3-BF4B-00C04F79EFBC}") = "interfaceProject", "interfaceProject.csproj", "{9F0CDC10-4142-4774-A82A-29158CEF416A}"
EndProject
Global
	GlobalSection(SolutionConfigurationPlatforms) = preSolution
		Debug|Any CPU = Debug|Any CPU
		Release|Any CPU = Release|Any CPU
	EndGlobalSection
	GlobalSection(ProjectConfigurationPlatforms) = postSolution
		{9F0CDC10-4142-4774-A82A-29158CEF416A}.Debug|Any CPU.ActiveCfg = Debug|Any CPU
		{9F0CDC10-4142-4774-A82A-29158CEF416A}.Debug|Any CPU.Build.0 = Debug|Any CPU
		{9F0CDC10-4142-4774-A82A-29158CEF416A}.Release|Any CPU.ActiveCfg = Release|Any CPU
		{9F0CDC10-4142-4774-A82A-29158CEF416A}.Release|Any CPU.Build.0 = Release|Any CPU
	EndGlobalSection
	GlobalSection(SolutionProperties) = preSolution
		HideSolutionNode = FALSE
	EndGlobalSection
	GlobalSection(ExtensibilityGlobals) = postSolution
		SolutionGuid = {621B63B4-CDC8-4DF7-B9DD-22CE8B7F56DF}
	EndGlobalSection
EndGlobal
