
Microsoft Visual Studio Solution File, Format Version 12.00
# Visual Studio Version 17
VisualStudioVersion = 17.0.32112.339
MinimumVisualStudioVersion = 10.0.40219.1
Project("{FAE04EC0-301F-11D3-BF4B-00C04F79EFBC}") = "console", "console.csproj", "{C260FB1D-9579-43EE-8FE2-0F2C7A9EE23C}"
EndProject
Global
	GlobalSection(SolutionConfigurationPlatforms) = preSolution
		Debug|Any CPU = Debug|Any CPU
		Release|Any CPU = Release|Any CPU
	EndGlobalSection
	GlobalSection(ProjectConfigurationPlatforms) = postSolution
		{C260FB1D-9579-43EE-8FE2-0F2C7A9EE23C}.Debug|Any CPU.ActiveCfg = Debug|Any CPU
		{C260FB1D-9579-43EE-8FE2-0F2C7A9EE23C}.Debug|Any CPU.Build.0 = Debug|Any CPU
		{C260FB1D-9579-43EE-8FE2-0F2C7A9EE23C}.Release|Any CPU.ActiveCfg = Release|Any CPU
		{C260FB1D-9579-43EE-8FE2-0F2C7A9EE23C}.Release|Any CPU.Build.0 = Release|Any CPU
	EndGlobalSection
	GlobalSection(SolutionProperties) = preSolution
		HideSolutionNode = FALSE
	EndGlobalSection
	GlobalSection(ExtensibilityGlobals) = postSolution
		SolutionGuid = {26DAF163-D1B7-4032-AC1E-B49FDFD4A26E}
	EndGlobalSection
EndGlobal
