
Microsoft Visual Studio Solution File, Format Version 12.00
# Visual Studio Version 17
VisualStudioVersion = 17.0.32112.339
MinimumVisualStudioVersion = 10.0.40219.1
Project("{FAE04EC0-301F-11D3-BF4B-00C04F79EFBC}") = "tryCatchProject", "tryCatchProject.csproj", "{3706CF38-79D6-42D7-BC51-10A035CC18CF}"
EndProject
Global
	GlobalSection(SolutionConfigurationPlatforms) = preSolution
		Debug|Any CPU = Debug|Any CPU
		Release|Any CPU = Release|Any CPU
	EndGlobalSection
	GlobalSection(ProjectConfigurationPlatforms) = postSolution
		{3706CF38-79D6-42D7-BC51-10A035CC18CF}.Debug|Any CPU.ActiveCfg = Debug|Any CPU
		{3706CF38-79D6-42D7-BC51-10A035CC18CF}.Debug|Any CPU.Build.0 = Debug|Any CPU
		{3706CF38-79D6-42D7-BC51-10A035CC18CF}.Release|Any CPU.ActiveCfg = Release|Any CPU
		{3706CF38-79D6-42D7-BC51-10A035CC18CF}.Release|Any CPU.Build.0 = Release|Any CPU
	EndGlobalSection
	GlobalSection(SolutionProperties) = preSolution
		HideSolutionNode = FALSE
	EndGlobalSection
	GlobalSection(ExtensibilityGlobals) = postSolution
		SolutionGuid = {FA542520-49A7-4172-9E88-1C4D04C3920E}
	EndGlobalSection
EndGlobal
